{
    "_readme": [
        "This file locks the dependencies of your project to a known state",
        "Read more about it at https://getcomposer.org/doc/01-basic-usage.md#composer-lock-the-lock-file",
        "This file is @generated automatically"
    ],
    "hash": "600796348f2a53fbaab0505b8ed26ca4",
    "packages": [
        {
            "name": "alkemann/h.l",
            "version": "v1.0",
            "source": {
                "type": "git",
                "url": "https://github.com/alkemann/h.l.git",
                "reference": "fc80fe70afae4595a207bf1bf7fa2f5b53f2c07a"
            },
            "type": "library",
            "autoload": {
                "psr-4": {
                    "alkemann\\": "src/alkemann/"
                }
            },
            "license": [
                "MIT"
            ],
            "authors": [
                {
                    "name": "Alexander Morland",
                    "homepage": "https://github.com/alkemann",
                    "role": "Developer"
                }
            ],
            "description": "Library containing the h.l classes used by the H.L.App base",
            "homepage": "https://github.com/alkemann/h.l",
            "keywords": [
                "alkemann",
                "cms",
                "homepage"
            ],
            "support": {
                "issues": "https://github.com/alkemann/h.l/issues"
            },
            "time": "2015-06-03 18:03:20"
        }
    ],
    "packages-dev": [],
    "aliases": [],
    "minimum-stability": "stable",
    "stability-flags": [],
    "prefer-stable": false,
    "prefer-lowest": false,
    "platform": [],
    "platform-dev": []
}
