{
    "_readme": [
        "This file locks the dependencies of your project to a known state",
        "Read more about it at https://getcomposer.org/doc/01-basic-usage.md#composer-lock-the-lock-file",
        "This file is @generated automatically"
    ],
    "hash": "44e16bb4d496b9fa7930d858b124f91a",
    "content-hash": "faf119ea8679f35d9e4ee8d67c4e1593",
    "packages": [
        {
            "name": "alkemann/h.l",
            "version": "3.4.1",
            "source": {
                "type": "git",
                "url": "https://github.com/alkemann/h.l.git",
                "reference": "71fbaa715005c77953b38ae7275d3b745b2c14e9"
            },
            "dist": {
                "type": "zip",
                "url": "https://api.github.com/repos/alkemann/h.l/zipball/71fbaa715005c77953b38ae7275d3b745b2c14e9",
                "reference": "71fbaa715005c77953b38ae7275d3b745b2c14e9",
                "shasum": ""
            },
            "type": "library",
            "autoload": {
                "psr-4": {
                    "alkemann\\hl\\": "src/"
                }
            },
            "license": [
                "MIT"
            ],
            "authors": [
                {
                    "name": "Alexander Morland",
                    "homepage": "https://github.com/alkemann",
                    "role": "Developer"
                }
            ],
            "description": "Library containing the h.l classes used by the H.L.App base",
            "homepage": "https://github.com/alkemann/h.l",
            "keywords": [
                "alkemann",
                "cms",
                "homepage"
            ],
            "support": {
                "issues": "https://github.com/alkemann/h.l/issues",
                "source": "https://github.com/alkemann/h.l/tree/3.4.1"
            },
            "time": "2016-03-19 14:23:21"
        }
    ],
    "packages-dev": [],
    "aliases": [],
    "minimum-stability": "stable",
    "stability-flags": [],
    "prefer-stable": false,
    "prefer-lowest": false,
    "platform": [],
    "platform-dev": []
}
